
Microsoft Visual Studio Solution File, Format Version 12.00
# Visual Studio 15
VisualStudioVersion = 15.0.26228.4
MinimumVisualStudioVersion = 10.0.40219.1
Project("{FAE04EC0-301F-11D3-BF4B-00C04F79EFBC}") = "Xamarin_BarCodeScanner.Android", "Xamarin-BarCodeScanner\Xamarin_BarCodeScanner.Android\Xamarin_BarCodeScanner.Android.csproj", "{078145CA-9157-4BEB-8844-136A010D49EF}"
EndProject
Project("{FAE04EC0-301F-11D3-BF4B-00C04F79EFBC}") = "Xamarin_BarCodeScanner", "Xamarin-BarCodeScanner\Xamarin_BarCodeScanner\Xamarin_BarCodeScanner.csproj", "{1CCF63FD-7AD0-425D-B7D4-C0DA9ECC7AA5}"
EndProject
Project("{FAE04EC0-301F-11D3-BF4B-00C04F79EFBC}") = "Xamarin_BarCodeScanner.UWP", "Xamarin-BarCodeScanner\Xamarin_BarCodeScanner.UWP\Xamarin_BarCodeScanner.UWP.csproj", "{78DE96DB-2FE5-4C09-ADB0-1315B2ED1BC7}"
EndProject
Project("{FAE04EC0-301F-11D3-BF4B-00C04F79EFBC}") = "Xamarin_BarCodeScanner.iOS", "Xamarin-BarCodeScanner\Xamarin_BarCodeScanner.iOS\Xamarin_BarCodeScanner.iOS.csproj", "{8B6D3CBB-F010-47F8-A5E4-DFAC49FEBAD3}"
EndProject
Global
	GlobalSection(SolutionConfigurationPlatforms) = preSolution
		Ad-Hoc|Any CPU = Ad-Hoc|Any CPU
		Ad-Hoc|ARM = Ad-Hoc|ARM
		Ad-Hoc|iPhone = Ad-Hoc|iPhone
		Ad-Hoc|iPhoneSimulator = Ad-Hoc|iPhoneSimulator
		Ad-Hoc|x64 = Ad-Hoc|x64
		Ad-Hoc|x86 = Ad-Hoc|x86
		AppStore|Any CPU = AppStore|Any CPU
		AppStore|ARM = AppStore|ARM
		AppStore|iPhone = AppStore|iPhone
		AppStore|iPhoneSimulator = AppStore|iPhoneSimulator
		AppStore|x64 = AppStore|x64
		AppStore|x86 = AppStore|x86
		Debug|Any CPU = Debug|Any CPU
		Debug|ARM = Debug|ARM
		Debug|iPhone = Debug|iPhone
		Debug|iPhoneSimulator = Debug|iPhoneSimulator
		Debug|x64 = Debug|x64
		Debug|x86 = Debug|x86
		Release|Any CPU = Release|Any CPU
		Release|ARM = Release|ARM
		Release|iPhone = Release|iPhone
		Release|iPhoneSimulator = Release|iPhoneSimulator
		Release|x64 = Release|x64
		Release|x86 = Release|x86
	EndGlobalSection
	GlobalSection(ProjectConfigurationPlatforms) = postSolution
		{078145CA-9157-4BEB-8844-136A010D49EF}.Ad-Hoc|Any CPU.ActiveCfg = Release|Any CPU
		{078145CA-9157-4BEB-8844-136A010D49EF}.Ad-Hoc|Any CPU.Build.0 = Release|Any CPU
		{078145CA-9157-4BEB-8844-136A010D49EF}.Ad-Hoc|Any CPU.Deploy.0 = Release|Any CPU
		{078145CA-9157-4BEB-8844-136A010D49EF}.Ad-Hoc|ARM.ActiveCfg = Release|Any CPU
		{078145CA-9157-4BEB-8844-136A010D49EF}.Ad-Hoc|ARM.Build.0 = Release|Any CPU
		{078145CA-9157-4BEB-8844-136A010D49EF}.Ad-Hoc|ARM.Deploy.0 = Release|Any CPU
		{078145CA-9157-4BEB-8844-136A010D49EF}.Ad-Hoc|iPhone.ActiveCfg = Release|Any CPU
		{078145CA-9157-4BEB-8844-136A010D49EF}.Ad-Hoc|iPhone.Build.0 = Release|Any CPU
		{078145CA-9157-4BEB-8844-136A010D49EF}.Ad-Hoc|iPhone.Deploy.0 = Release|Any CPU
		{078145CA-9157-4BEB-8844-136A010D49EF}.Ad-Hoc|iPhoneSimulator.ActiveCfg = Release|Any CPU
		{078145CA-9157-4BEB-8844-136A010D49EF}.Ad-Hoc|iPhoneSimulator.Build.0 = Release|Any CPU
		{078145CA-9157-4BEB-8844-136A010D49EF}.Ad-Hoc|iPhoneSimulator.Deploy.0 = Release|Any CPU
		{078145CA-9157-4BEB-8844-136A010D49EF}.Ad-Hoc|x64.ActiveCfg = Release|Any CPU
		{078145CA-9157-4BEB-8844-136A010D49EF}.Ad-Hoc|x64.Build.0 = Release|Any CPU
		{078145CA-9157-4BEB-8844-136A010D49EF}.Ad-Hoc|x64.Deploy.0 = Release|Any CPU
		{078145CA-9157-4BEB-8844-136A010D49EF}.Ad-Hoc|x86.ActiveCfg = Release|Any CPU
		{078145CA-9157-4BEB-8844-136A010D49EF}.Ad-Hoc|x86.Build.0 = Release|Any CPU
		{078145CA-9157-4BEB-8844-136A010D49EF}.Ad-Hoc|x86.Deploy.0 = Release|Any CPU
		{078145CA-9157-4BEB-8844-136A010D49EF}.AppStore|Any CPU.ActiveCfg = Release|Any CPU
		{078145CA-9157-4BEB-8844-136A010D49EF}.AppStore|Any CPU.Build.0 = Release|Any CPU
		{078145CA-9157-4BEB-8844-136A010D49EF}.AppStore|Any CPU.Deploy.0 = Release|Any CPU
		{078145CA-9157-4BEB-8844-136A010D49EF}.AppStore|ARM.ActiveCfg = Release|Any CPU
		{078145CA-9157-4BEB-8844-136A010D49EF}.AppStore|ARM.Build.0 = Release|Any CPU
		{078145CA-9157-4BEB-8844-136A010D49EF}.AppStore|ARM.Deploy.0 = Release|Any CPU
		{078145CA-9157-4BEB-8844-136A010D49EF}.AppStore|iPhone.ActiveCfg = Release|Any CPU
		{078145CA-9157-4BEB-8844-136A010D49EF}.AppStore|iPhone.Build.0 = Release|Any CPU
		{078145CA-9157-4BEB-8844-136A010D49EF}.AppStore|iPhone.Deploy.0 = Release|Any CPU
		{078145CA-9157-4BEB-8844-136A010D49EF}.AppStore|iPhoneSimulator.ActiveCfg = Release|Any CPU
		{078145CA-9157-4BEB-8844-136A010D49EF}.AppStore|iPhoneSimulator.Build.0 = Release|Any CPU
		{078145CA-9157-4BEB-8844-136A010D49EF}.AppStore|iPhoneSimulator.Deploy.0 = Release|Any CPU
		{078145CA-9157-4BEB-8844-136A010D49EF}.AppStore|x64.ActiveCfg = Release|Any CPU
		{078145CA-9157-4BEB-8844-136A010D49EF}.AppStore|x64.Build.0 = Release|Any CPU
		{078145CA-9157-4BEB-8844-136A010D49EF}.AppStore|x64.Deploy.0 = Release|Any CPU
		{078145CA-9157-4BEB-8844-136A010D49EF}.AppStore|x86.ActiveCfg = Release|Any CPU
		{078145CA-9157-4BEB-8844-136A010D49EF}.AppStore|x86.Build.0 = Release|Any CPU
		{078145CA-9157-4BEB-8844-136A010D49EF}.AppStore|x86.Deploy.0 = Release|Any CPU
		{078145CA-9157-4BEB-8844-136A010D49EF}.Debug|Any CPU.ActiveCfg = Debug|Any CPU
		{078145CA-9157-4BEB-8844-136A010D49EF}.Debug|Any CPU.Build.0 = Debug|Any CPU
		{078145CA-9157-4BEB-8844-136A010D49EF}.Debug|Any CPU.Deploy.0 = Debug|Any CPU
		{078145CA-9157-4BEB-8844-136A010D49EF}.Debug|ARM.ActiveCfg = Debug|Any CPU
		{078145CA-9157-4BEB-8844-136A010D49EF}.Debug|ARM.Build.0 = Debug|Any CPU
		{078145CA-9157-4BEB-8844-136A010D49EF}.Debug|ARM.Deploy.0 = Debug|Any CPU
		{078145CA-9157-4BEB-8844-136A010D49EF}.Debug|iPhone.ActiveCfg = Debug|Any CPU
		{078145CA-9157-4BEB-8844-136A010D49EF}.Debug|iPhone.Build.0 = Debug|Any CPU
		{078145CA-9157-4BEB-8844-136A010D49EF}.Debug|iPhone.Deploy.0 = Debug|Any CPU
		{078145CA-9157-4BEB-8844-136A010D49EF}.Debug|iPhoneSimulator.ActiveCfg = Debug|Any CPU
		{078145CA-9157-4BEB-8844-136A010D49EF}.Debug|iPhoneSimulator.Build.0 = Debug|Any CPU
		{078145CA-9157-4BEB-8844-136A010D49EF}.Debug|iPhoneSimulator.Deploy.0 = Debug|Any CPU
		{078145CA-9157-4BEB-8844-136A010D49EF}.Debug|x64.ActiveCfg = Debug|Any CPU
		{078145CA-9157-4BEB-8844-136A010D49EF}.Debug|x64.Build.0 = Debug|Any CPU
		{078145CA-9157-4BEB-8844-136A010D49EF}.Debug|x64.Deploy.0 = Debug|Any CPU
		{078145CA-9157-4BEB-8844-136A010D49EF}.Debug|x86.ActiveCfg = Debug|Any CPU
		{078145CA-9157-4BEB-8844-136A010D49EF}.Debug|x86.Build.0 = Debug|Any CPU
		{078145CA-9157-4BEB-8844-136A010D49EF}.Debug|x86.Deploy.0 = Debug|Any CPU
		{078145CA-9157-4BEB-8844-136A010D49EF}.Release|Any CPU.ActiveCfg = Release|Any CPU
		{078145CA-9157-4BEB-8844-136A010D49EF}.Release|Any CPU.Build.0 = Release|Any CPU
		{078145CA-9157-4BEB-8844-136A010D49EF}.Release|Any CPU.Deploy.0 = Release|Any CPU
		{078145CA-9157-4BEB-8844-136A010D49EF}.Release|ARM.ActiveCfg = Release|Any CPU
		{078145CA-9157-4BEB-8844-136A010D49EF}.Release|ARM.Build.0 = Release|Any CPU
		{078145CA-9157-4BEB-8844-136A010D49EF}.Release|ARM.Deploy.0 = Release|Any CPU
		{078145CA-9157-4BEB-8844-136A010D49EF}.Release|iPhone.ActiveCfg = Release|Any CPU
		{078145CA-9157-4BEB-8844-136A010D49EF}.Release|iPhone.Build.0 = Release|Any CPU
		{078145CA-9157-4BEB-8844-136A010D49EF}.Release|iPhone.Deploy.0 = Release|Any CPU
		{078145CA-9157-4BEB-8844-136A010D49EF}.Release|iPhoneSimulator.ActiveCfg = Release|Any CPU
		{078145CA-9157-4BEB-8844-136A010D49EF}.Release|iPhoneSimulator.Build.0 = Release|Any CPU
		{078145CA-9157-4BEB-8844-136A010D49EF}.Release|iPhoneSimulator.Deploy.0 = Release|Any CPU
		{078145CA-9157-4BEB-8844-136A010D49EF}.Release|x64.ActiveCfg = Release|Any CPU
		{078145CA-9157-4BEB-8844-136A010D49EF}.Release|x64.Build.0 = Release|Any CPU
		{078145CA-9157-4BEB-8844-136A010D49EF}.Release|x64.Deploy.0 = Release|Any CPU
		{078145CA-9157-4BEB-8844-136A010D49EF}.Release|x86.ActiveCfg = Release|Any CPU
		{078145CA-9157-4BEB-8844-136A010D49EF}.Release|x86.Build.0 = Release|Any CPU
		{078145CA-9157-4BEB-8844-136A010D49EF}.Release|x86.Deploy.0 = Release|Any CPU
		{1CCF63FD-7AD0-425D-B7D4-C0DA9ECC7AA5}.Ad-Hoc|Any CPU.ActiveCfg = Release|Any CPU
		{1CCF63FD-7AD0-425D-B7D4-C0DA9ECC7AA5}.Ad-Hoc|Any CPU.Build.0 = Release|Any CPU
		{1CCF63FD-7AD0-425D-B7D4-C0DA9ECC7AA5}.Ad-Hoc|ARM.ActiveCfg = Release|Any CPU
		{1CCF63FD-7AD0-425D-B7D4-C0DA9ECC7AA5}.Ad-Hoc|ARM.Build.0 = Release|Any CPU
		{1CCF63FD-7AD0-425D-B7D4-C0DA9ECC7AA5}.Ad-Hoc|iPhone.ActiveCfg = Release|Any CPU
		{1CCF63FD-7AD0-425D-B7D4-C0DA9ECC7AA5}.Ad-Hoc|iPhone.Build.0 = Release|Any CPU
		{1CCF63FD-7AD0-425D-B7D4-C0DA9ECC7AA5}.Ad-Hoc|iPhoneSimulator.ActiveCfg = Release|Any CPU
		{1CCF63FD-7AD0-425D-B7D4-C0DA9ECC7AA5}.Ad-Hoc|iPhoneSimulator.Build.0 = Release|Any CPU
		{1CCF63FD-7AD0-425D-B7D4-C0DA9ECC7AA5}.Ad-Hoc|x64.ActiveCfg = Release|Any CPU
		{1CCF63FD-7AD0-425D-B7D4-C0DA9ECC7AA5}.Ad-Hoc|x64.Build.0 = Release|Any CPU
		{1CCF63FD-7AD0-425D-B7D4-C0DA9ECC7AA5}.Ad-Hoc|x86.ActiveCfg = Release|Any CPU
		{1CCF63FD-7AD0-425D-B7D4-C0DA9ECC7AA5}.Ad-Hoc|x86.Build.0 = Release|Any CPU
		{1CCF63FD-7AD0-425D-B7D4-C0DA9ECC7AA5}.AppStore|Any CPU.ActiveCfg = Release|Any CPU
		{1CCF63FD-7AD0-425D-B7D4-C0DA9ECC7AA5}.AppStore|Any CPU.Build.0 = Release|Any CPU
		{1CCF63FD-7AD0-425D-B7D4-C0DA9ECC7AA5}.AppStore|ARM.ActiveCfg = Release|Any CPU
		{1CCF63FD-7AD0-425D-B7D4-C0DA9ECC7AA5}.AppStore|ARM.Build.0 = Release|Any CPU
		{1CCF63FD-7AD0-425D-B7D4-C0DA9ECC7AA5}.AppStore|iPhone.ActiveCfg = Release|Any CPU
		{1CCF63FD-7AD0-425D-B7D4-C0DA9ECC7AA5}.AppStore|iPhone.Build.0 = Release|Any CPU
		{1CCF63FD-7AD0-425D-B7D4-C0DA9ECC7AA5}.AppStore|iPhoneSimulator.ActiveCfg = Release|Any CPU
		{1CCF63FD-7AD0-425D-B7D4-C0DA9ECC7AA5}.AppStore|iPhoneSimulator.Build.0 = Release|Any CPU
		{1CCF63FD-7AD0-425D-B7D4-C0DA9ECC7AA5}.AppStore|x64.ActiveCfg = Release|Any CPU
		{1CCF63FD-7AD0-425D-B7D4-C0DA9ECC7AA5}.AppStore|x64.Build.0 = Release|Any CPU
		{1CCF63FD-7AD0-425D-B7D4-C0DA9ECC7AA5}.AppStore|x86.ActiveCfg = Release|Any CPU
		{1CCF63FD-7AD0-425D-B7D4-C0DA9ECC7AA5}.AppStore|x86.Build.0 = Release|Any CPU
		{1CCF63FD-7AD0-425D-B7D4-C0DA9ECC7AA5}.Debug|Any CPU.ActiveCfg = Debug|Any CPU
		{1CCF63FD-7AD0-425D-B7D4-C0DA9ECC7AA5}.Debug|Any CPU.Build.0 = Debug|Any CPU
		{1CCF63FD-7AD0-425D-B7D4-C0DA9ECC7AA5}.Debug|ARM.ActiveCfg = Debug|Any CPU
		{1CCF63FD-7AD0-425D-B7D4-C0DA9ECC7AA5}.Debug|ARM.Build.0 = Debug|Any CPU
		{1CCF63FD-7AD0-425D-B7D4-C0DA9ECC7AA5}.Debug|iPhone.ActiveCfg = Debug|Any CPU
		{1CCF63FD-7AD0-425D-B7D4-C0DA9ECC7AA5}.Debug|iPhone.Build.0 = Debug|Any CPU
		{1CCF63FD-7AD0-425D-B7D4-C0DA9ECC7AA5}.Debug|iPhoneSimulator.ActiveCfg = Debug|Any CPU
		{1CCF63FD-7AD0-425D-B7D4-C0DA9ECC7AA5}.Debug|iPhoneSimulator.Build.0 = Debug|Any CPU
		{1CCF63FD-7AD0-425D-B7D4-C0DA9ECC7AA5}.Debug|x64.ActiveCfg = Debug|Any CPU
		{1CCF63FD-7AD0-425D-B7D4-C0DA9ECC7AA5}.Debug|x64.Build.0 = Debug|Any CPU
		{1CCF63FD-7AD0-425D-B7D4-C0DA9ECC7AA5}.Debug|x86.ActiveCfg = Debug|Any CPU
		{1CCF63FD-7AD0-425D-B7D4-C0DA9ECC7AA5}.Debug|x86.Build.0 = Debug|Any CPU
		{1CCF63FD-7AD0-425D-B7D4-C0DA9ECC7AA5}.Release|Any CPU.ActiveCfg = Release|Any CPU
		{1CCF63FD-7AD0-425D-B7D4-C0DA9ECC7AA5}.Release|Any CPU.Build.0 = Release|Any CPU
		{1CCF63FD-7AD0-425D-B7D4-C0DA9ECC7AA5}.Release|ARM.ActiveCfg = Release|Any CPU
		{1CCF63FD-7AD0-425D-B7D4-C0DA9ECC7AA5}.Release|ARM.Build.0 = Release|Any CPU
		{1CCF63FD-7AD0-425D-B7D4-C0DA9ECC7AA5}.Release|iPhone.ActiveCfg = Release|Any CPU
		{1CCF63FD-7AD0-425D-B7D4-C0DA9ECC7AA5}.Release|iPhone.Build.0 = Release|Any CPU
		{1CCF63FD-7AD0-425D-B7D4-C0DA9ECC7AA5}.Release|iPhoneSimulator.ActiveCfg = Release|Any CPU
		{1CCF63FD-7AD0-425D-B7D4-C0DA9ECC7AA5}.Release|iPhoneSimulator.Build.0 = Release|Any CPU
		{1CCF63FD-7AD0-425D-B7D4-C0DA9ECC7AA5}.Release|x64.ActiveCfg = Release|Any CPU
		{1CCF63FD-7AD0-425D-B7D4-C0DA9ECC7AA5}.Release|x64.Build.0 = Release|Any CPU
		{1CCF63FD-7AD0-425D-B7D4-C0DA9ECC7AA5}.Release|x86.ActiveCfg = Release|Any CPU
		{1CCF63FD-7AD0-425D-B7D4-C0DA9ECC7AA5}.Release|x86.Build.0 = Release|Any CPU
		{78DE96DB-2FE5-4C09-ADB0-1315B2ED1BC7}.Ad-Hoc|Any CPU.ActiveCfg = Release|x86
		{78DE96DB-2FE5-4C09-ADB0-1315B2ED1BC7}.Ad-Hoc|Any CPU.Build.0 = Release|x86
		{78DE96DB-2FE5-4C09-ADB0-1315B2ED1BC7}.Ad-Hoc|Any CPU.Deploy.0 = Release|x86
		{78DE96DB-2FE5-4C09-ADB0-1315B2ED1BC7}.Ad-Hoc|ARM.ActiveCfg = Release|ARM
		{78DE96DB-2FE5-4C09-ADB0-1315B2ED1BC7}.Ad-Hoc|ARM.Build.0 = Release|ARM
		{78DE96DB-2FE5-4C09-ADB0-1315B2ED1BC7}.Ad-Hoc|ARM.Deploy.0 = Release|ARM
		{78DE96DB-2FE5-4C09-ADB0-1315B2ED1BC7}.Ad-Hoc|iPhone.ActiveCfg = Release|x86
		{78DE96DB-2FE5-4C09-ADB0-1315B2ED1BC7}.Ad-Hoc|iPhone.Build.0 = Release|x86
		{78DE96DB-2FE5-4C09-ADB0-1315B2ED1BC7}.Ad-Hoc|iPhone.Deploy.0 = Release|x86
		{78DE96DB-2FE5-4C09-ADB0-1315B2ED1BC7}.Ad-Hoc|iPhoneSimulator.ActiveCfg = Release|x86
		{78DE96DB-2FE5-4C09-ADB0-1315B2ED1BC7}.Ad-Hoc|iPhoneSimulator.Build.0 = Release|x86
		{78DE96DB-2FE5-4C09-ADB0-1315B2ED1BC7}.Ad-Hoc|iPhoneSimulator.Deploy.0 = Release|x86
		{78DE96DB-2FE5-4C09-ADB0-1315B2ED1BC7}.Ad-Hoc|x64.ActiveCfg = Release|x64
		{78DE96DB-2FE5-4C09-ADB0-1315B2ED1BC7}.Ad-Hoc|x64.Build.0 = Release|x64
		{78DE96DB-2FE5-4C09-ADB0-1315B2ED1BC7}.Ad-Hoc|x64.Deploy.0 = Release|x64
		{78DE96DB-2FE5-4C09-ADB0-1315B2ED1BC7}.Ad-Hoc|x86.ActiveCfg = Release|x86
		{78DE96DB-2FE5-4C09-ADB0-1315B2ED1BC7}.Ad-Hoc|x86.Build.0 = Release|x86
		{78DE96DB-2FE5-4C09-ADB0-1315B2ED1BC7}.Ad-Hoc|x86.Deploy.0 = Release|x86
		{78DE96DB-2FE5-4C09-ADB0-1315B2ED1BC7}.AppStore|Any CPU.ActiveCfg = Release|x86
		{78DE96DB-2FE5-4C09-ADB0-1315B2ED1BC7}.AppStore|Any CPU.Build.0 = Release|x86
		{78DE96DB-2FE5-4C09-ADB0-1315B2ED1BC7}.AppStore|Any CPU.Deploy.0 = Release|x86
		{78DE96DB-2FE5-4C09-ADB0-1315B2ED1BC7}.AppStore|ARM.ActiveCfg = Release|ARM
		{78DE96DB-2FE5-4C09-ADB0-1315B2ED1BC7}.AppStore|ARM.Build.0 = Release|ARM
		{78DE96DB-2FE5-4C09-ADB0-1315B2ED1BC7}.AppStore|ARM.Deploy.0 = Release|ARM
		{78DE96DB-2FE5-4C09-ADB0-1315B2ED1BC7}.AppStore|iPhone.ActiveCfg = Release|x86
		{78DE96DB-2FE5-4C09-ADB0-1315B2ED1BC7}.AppStore|iPhone.Build.0 = Release|x86
		{78DE96DB-2FE5-4C09-ADB0-1315B2ED1BC7}.AppStore|iPhone.Deploy.0 = Release|x86
		{78DE96DB-2FE5-4C09-ADB0-1315B2ED1BC7}.AppStore|iPhoneSimulator.ActiveCfg = Release|x86
		{78DE96DB-2FE5-4C09-ADB0-1315B2ED1BC7}.AppStore|iPhoneSimulator.Build.0 = Release|x86
		{78DE96DB-2FE5-4C09-ADB0-1315B2ED1BC7}.AppStore|iPhoneSimulator.Deploy.0 = Release|x86
		{78DE96DB-2FE5-4C09-ADB0-1315B2ED1BC7}.AppStore|x64.ActiveCfg = Release|x64
		{78DE96DB-2FE5-4C09-ADB0-1315B2ED1BC7}.AppStore|x64.Build.0 = Release|x64
		{78DE96DB-2FE5-4C09-ADB0-1315B2ED1BC7}.AppStore|x64.Deploy.0 = Release|x64
		{78DE96DB-2FE5-4C09-ADB0-1315B2ED1BC7}.AppStore|x86.ActiveCfg = Release|x86
		{78DE96DB-2FE5-4C09-ADB0-1315B2ED1BC7}.AppStore|x86.Build.0 = Release|x86
		{78DE96DB-2FE5-4C09-ADB0-1315B2ED1BC7}.AppStore|x86.Deploy.0 = Release|x86
		{78DE96DB-2FE5-4C09-ADB0-1315B2ED1BC7}.Debug|Any CPU.ActiveCfg = Debug|x86
		{78DE96DB-2FE5-4C09-ADB0-1315B2ED1BC7}.Debug|Any CPU.Build.0 = Debug|x86
		{78DE96DB-2FE5-4C09-ADB0-1315B2ED1BC7}.Debug|ARM.ActiveCfg = Debug|ARM
		{78DE96DB-2FE5-4C09-ADB0-1315B2ED1BC7}.Debug|ARM.Build.0 = Debug|ARM
		{78DE96DB-2FE5-4C09-ADB0-1315B2ED1BC7}.Debug|ARM.Deploy.0 = Debug|ARM
		{78DE96DB-2FE5-4C09-ADB0-1315B2ED1BC7}.Debug|iPhone.ActiveCfg = Debug|x86
		{78DE96DB-2FE5-4C09-ADB0-1315B2ED1BC7}.Debug|iPhoneSimulator.ActiveCfg = Debug|x86
		{78DE96DB-2FE5-4C09-ADB0-1315B2ED1BC7}.Debug|x64.ActiveCfg = Debug|x64
		{78DE96DB-2FE5-4C09-ADB0-1315B2ED1BC7}.Debug|x64.Build.0 = Debug|x64
		{78DE96DB-2FE5-4C09-ADB0-1315B2ED1BC7}.Debug|x64.Deploy.0 = Debug|x64
		{78DE96DB-2FE5-4C09-ADB0-1315B2ED1BC7}.Debug|x86.ActiveCfg = Debug|x86
		{78DE96DB-2FE5-4C09-ADB0-1315B2ED1BC7}.Debug|x86.Build.0 = Debug|x86
		{78DE96DB-2FE5-4C09-ADB0-1315B2ED1BC7}.Debug|x86.Deploy.0 = Debug|x86
		{78DE96DB-2FE5-4C09-ADB0-1315B2ED1BC7}.Release|Any CPU.ActiveCfg = Release|x86
		{78DE96DB-2FE5-4C09-ADB0-1315B2ED1BC7}.Release|ARM.ActiveCfg = Release|ARM
		{78DE96DB-2FE5-4C09-ADB0-1315B2ED1BC7}.Release|ARM.Build.0 = Release|ARM
		{78DE96DB-2FE5-4C09-ADB0-1315B2ED1BC7}.Release|ARM.Deploy.0 = Release|ARM
		{78DE96DB-2FE5-4C09-ADB0-1315B2ED1BC7}.Release|iPhone.ActiveCfg = Release|x86
		{78DE96DB-2FE5-4C09-ADB0-1315B2ED1BC7}.Release|iPhoneSimulator.ActiveCfg = Release|x86
		{78DE96DB-2FE5-4C09-ADB0-1315B2ED1BC7}.Release|x64.ActiveCfg = Release|x64
		{78DE96DB-2FE5-4C09-ADB0-1315B2ED1BC7}.Release|x64.Build.0 = Release|x64
		{78DE96DB-2FE5-4C09-ADB0-1315B2ED1BC7}.Release|x64.Deploy.0 = Release|x64
		{78DE96DB-2FE5-4C09-ADB0-1315B2ED1BC7}.Release|x86.ActiveCfg = Release|x86
		{78DE96DB-2FE5-4C09-ADB0-1315B2ED1BC7}.Release|x86.Build.0 = Release|x86
		{78DE96DB-2FE5-4C09-ADB0-1315B2ED1BC7}.Release|x86.Deploy.0 = Release|x86
		{8B6D3CBB-F010-47F8-A5E4-DFAC49FEBAD3}.Ad-Hoc|Any CPU.ActiveCfg = Ad-Hoc|iPhone
		{8B6D3CBB-F010-47F8-A5E4-DFAC49FEBAD3}.Ad-Hoc|ARM.ActiveCfg = Ad-Hoc|iPhone
		{8B6D3CBB-F010-47F8-A5E4-DFAC49FEBAD3}.Ad-Hoc|iPhone.ActiveCfg = Ad-Hoc|iPhone
		{8B6D3CBB-F010-47F8-A5E4-DFAC49FEBAD3}.Ad-Hoc|iPhone.Build.0 = Ad-Hoc|iPhone
		{8B6D3CBB-F010-47F8-A5E4-DFAC49FEBAD3}.Ad-Hoc|iPhoneSimulator.ActiveCfg = Ad-Hoc|iPhoneSimulator
		{8B6D3CBB-F010-47F8-A5E4-DFAC49FEBAD3}.Ad-Hoc|iPhoneSimulator.Build.0 = Ad-Hoc|iPhoneSimulator
		{8B6D3CBB-F010-47F8-A5E4-DFAC49FEBAD3}.Ad-Hoc|x64.ActiveCfg = Ad-Hoc|iPhone
		{8B6D3CBB-F010-47F8-A5E4-DFAC49FEBAD3}.Ad-Hoc|x86.ActiveCfg = Ad-Hoc|iPhone
		{8B6D3CBB-F010-47F8-A5E4-DFAC49FEBAD3}.AppStore|Any CPU.ActiveCfg = AppStore|iPhone
		{8B6D3CBB-F010-47F8-A5E4-DFAC49FEBAD3}.AppStore|ARM.ActiveCfg = AppStore|iPhone
		{8B6D3CBB-F010-47F8-A5E4-DFAC49FEBAD3}.AppStore|iPhone.ActiveCfg = AppStore|iPhone
		{8B6D3CBB-F010-47F8-A5E4-DFAC49FEBAD3}.AppStore|iPhone.Build.0 = AppStore|iPhone
		{8B6D3CBB-F010-47F8-A5E4-DFAC49FEBAD3}.AppStore|iPhoneSimulator.ActiveCfg = AppStore|iPhoneSimulator
		{8B6D3CBB-F010-47F8-A5E4-DFAC49FEBAD3}.AppStore|iPhoneSimulator.Build.0 = AppStore|iPhoneSimulator
		{8B6D3CBB-F010-47F8-A5E4-DFAC49FEBAD3}.AppStore|x64.ActiveCfg = AppStore|iPhone
		{8B6D3CBB-F010-47F8-A5E4-DFAC49FEBAD3}.AppStore|x86.ActiveCfg = AppStore|iPhone
		{8B6D3CBB-F010-47F8-A5E4-DFAC49FEBAD3}.Debug|Any CPU.ActiveCfg = Debug|iPhone
		{8B6D3CBB-F010-47F8-A5E4-DFAC49FEBAD3}.Debug|Any CPU.Build.0 = Debug|iPhone
		{8B6D3CBB-F010-47F8-A5E4-DFAC49FEBAD3}.Debug|ARM.ActiveCfg = Debug|iPhone
		{8B6D3CBB-F010-47F8-A5E4-DFAC49FEBAD3}.Debug|iPhone.ActiveCfg = Debug|iPhone
		{8B6D3CBB-F010-47F8-A5E4-DFAC49FEBAD3}.Debug|iPhone.Build.0 = Debug|iPhone
		{8B6D3CBB-F010-47F8-A5E4-DFAC49FEBAD3}.Debug|iPhoneSimulator.ActiveCfg = Debug|iPhoneSimulator
		{8B6D3CBB-F010-47F8-A5E4-DFAC49FEBAD3}.Debug|iPhoneSimulator.Build.0 = Debug|iPhoneSimulator
		{8B6D3CBB-F010-47F8-A5E4-DFAC49FEBAD3}.Debug|x64.ActiveCfg = Debug|iPhone
		{8B6D3CBB-F010-47F8-A5E4-DFAC49FEBAD3}.Debug|x86.ActiveCfg = Debug|iPhone
		{8B6D3CBB-F010-47F8-A5E4-DFAC49FEBAD3}.Release|Any CPU.ActiveCfg = Release|iPhone
		{8B6D3CBB-F010-47F8-A5E4-DFAC49FEBAD3}.Release|ARM.ActiveCfg = Release|iPhone
		{8B6D3CBB-F010-47F8-A5E4-DFAC49FEBAD3}.Release|iPhone.ActiveCfg = Release|iPhone
		{8B6D3CBB-F010-47F8-A5E4-DFAC49FEBAD3}.Release|iPhone.Build.0 = Release|iPhone
		{8B6D3CBB-F010-47F8-A5E4-DFAC49FEBAD3}.Release|iPhoneSimulator.ActiveCfg = Release|iPhoneSimulator
		{8B6D3CBB-F010-47F8-A5E4-DFAC49FEBAD3}.Release|iPhoneSimulator.Build.0 = Release|iPhoneSimulator
		{8B6D3CBB-F010-47F8-A5E4-DFAC49FEBAD3}.Release|x64.ActiveCfg = Release|iPhone
		{8B6D3CBB-F010-47F8-A5E4-DFAC49FEBAD3}.Release|x86.ActiveCfg = Release|iPhone
	EndGlobalSection
	GlobalSection(SolutionProperties) = preSolution
		HideSolutionNode = FALSE
	EndGlobalSection
EndGlobal
